# This file is automatically @generated by Cargo.
# It is not intended for manual editing.
version = 4

[[package]]
name = "fixture-app"
version = "0.1.0"
dependencies = [
 "fixture-core",
 "fixture-util",
]

[[package]]
name = "fixture-core"
version = "0.1.0"
dependencies = [
 "fixture-util",
]

[[package]]
name = "fixture-util"
version = "0.1.0"
